{
  "lockfileVersion": 1,
  "workspaces": {
    "": {
      "name": "longht021189.github.io",
      "dependencies": {
        "solid-js": "^1.9.10",
      },
      "devDependencies": {
        "@biomejs/biome": "2.3.2",
        "@rsbuild/core": "^1.6.0",
        "@rsbuild/plugin-babel": "^1.0.6",
        "@rsbuild/plugin-solid": "^1.0.6",
        "typescript": "^5.9.3",
      },
    },
  },
  "packages": {
    "@babel/code-frame": ["@babel/code-frame@7.27.1", "", { "dependencies": { "@babel/helper-validator-identifier": "^7.27.1", "js-tokens": "^4.0.0", "picocolors": "^1.1.1" } }, "sha512-cjQ7ZlQ0Mv3b47hABuTevyTuYN4i+loJKGeV9flcCgIK37cCXRh+L1bd3iBHlynerhQ7BhCkn2BPbQUL+rGqFg=="],

    "@babel/compat-data": ["@babel/compat-data@7.28.5", "", {}, "sha512-6uFXyCayocRbqhZOB+6XcuZbkMNimwfVGFji8CTZnCzOHVGvDqzvitu1re2AU5LROliz7eQPhB8CpAMvnx9EjA=="],

    "@babel/core": ["@babel/core@7.28.5", "", { "dependencies": { "@babel/code-frame": "^7.27.1", "@babel/generator": "^7.28.5", "@babel/helper-compilation-targets": "^7.27.2", "@babel/helper-module-transforms": "^7.28.3", "@babel/helpers": "^7.28.4", "@babel/parser": "^7.28.5", "@babel/template": "^7.27.2", "@babel/traverse": "^7.28.5", "@babel/types": "^7.28.5", "@jridgewell/remapping": "^2.3.5", "convert-source-map": "^2.0.0", "debug": "^4.1.0", "gensync": "^1.0.0-beta.2", "json5": "^2.2.3", "semver": "^6.3.1" } }, "sha512-e7jT4DxYvIDLk1ZHmU/m/mB19rex9sv0c2ftBtjSBv+kVM/902eh0fINUzD7UwLLNR+jU585GxUJ8/EBfAM5fw=="],

    "@babel/generator": ["@babel/generator@7.28.5", "", { "dependencies": { "@babel/parser": "^7.28.5", "@babel/types": "^7.28.5", "@jridgewell/gen-mapping": "^0.3.12", "@jridgewell/trace-mapping": "^0.3.28", "jsesc": "^3.0.2" } }, "sha512-3EwLFhZ38J4VyIP6WNtt2kUdW9dokXA9Cr4IVIFHuCpZ3H8/YFOl5JjZHisrn1fATPBmKKqXzDFvh9fUwHz6CQ=="],

    "@babel/helper-annotate-as-pure": ["@babel/helper-annotate-as-pure@7.27.3", "", { "dependencies": { "@babel/types": "^7.27.3" } }, "sha512-fXSwMQqitTGeHLBC08Eq5yXz2m37E4pJX1qAU1+2cNedz/ifv/bVXft90VeSav5nFO61EcNgwr0aJxbyPaWBPg=="],

    "@babel/helper-compilation-targets": ["@babel/helper-compilation-targets@7.27.2", "", { "dependencies": { "@babel/compat-data": "^7.27.2", "@babel/helper-validator-option": "^7.27.1", "browserslist": "^4.24.0", "lru-cache": "^5.1.1", "semver": "^6.3.1" } }, "sha512-2+1thGUUWWjLTYTHZWK1n8Yga0ijBz1XAhUXcKy81rd5g6yh7hGqMp45v7cadSbEHc9G3OTv45SyneRN3ps4DQ=="],

    "@babel/helper-create-class-features-plugin": ["@babel/helper-create-class-features-plugin@7.28.5", "", { "dependencies": { "@babel/helper-annotate-as-pure": "^7.27.3", "@babel/helper-member-expression-to-functions": "^7.28.5", "@babel/helper-optimise-call-expression": "^7.27.1", "@babel/helper-replace-supers": "^7.27.1", "@babel/helper-skip-transparent-expression-wrappers": "^7.27.1", "@babel/traverse": "^7.28.5", "semver": "^6.3.1" }, "peerDependencies": { "@babel/core": "^7.0.0" } }, "sha512-q3WC4JfdODypvxArsJQROfupPBq9+lMwjKq7C33GhbFYJsufD0yd/ziwD+hJucLeWsnFPWZjsU2DNFqBPE7jwQ=="],

    "@babel/helper-globals": ["@babel/helper-globals@7.28.0", "", {}, "sha512-+W6cISkXFa1jXsDEdYA8HeevQT/FULhxzR99pxphltZcVaugps53THCeiWA8SguxxpSp3gKPiuYfSWopkLQ4hw=="],

    "@babel/helper-member-expression-to-functions": ["@babel/helper-member-expression-to-functions@7.28.5", "", { "dependencies": { "@babel/traverse": "^7.28.5", "@babel/types": "^7.28.5" } }, "sha512-cwM7SBRZcPCLgl8a7cY0soT1SptSzAlMH39vwiRpOQkJlh53r5hdHwLSCZpQdVLT39sZt+CRpNwYG4Y2v77atg=="],

    "@babel/helper-module-imports": ["@babel/helper-module-imports@7.27.1", "", { "dependencies": { "@babel/traverse": "^7.27.1", "@babel/types": "^7.27.1" } }, "sha512-0gSFWUPNXNopqtIPQvlD5WgXYI5GY2kP2cCvoT8kczjbfcfuIljTbcWrulD1CIPIX2gt1wghbDy08yE1p+/r3w=="],

    "@babel/helper-module-transforms": ["@babel/helper-module-transforms@7.28.3", "", { "dependencies": { "@babel/helper-module-imports": "^7.27.1", "@babel/helper-validator-identifier": "^7.27.1", "@babel/traverse": "^7.28.3" }, "peerDependencies": { "@babel/core": "^7.0.0" } }, "sha512-gytXUbs8k2sXS9PnQptz5o0QnpLL51SwASIORY6XaBKF88nsOT0Zw9szLqlSGQDP/4TljBAD5y98p2U1fqkdsw=="],

    "@babel/helper-optimise-call-expression": ["@babel/helper-optimise-call-expression@7.27.1", "", { "dependencies": { "@babel/types": "^7.27.1" } }, "sha512-URMGH08NzYFhubNSGJrpUEphGKQwMQYBySzat5cAByY1/YgIRkULnIy3tAMeszlL/so2HbeilYloUmSpd7GdVw=="],

    "@babel/helper-plugin-utils": ["@babel/helper-plugin-utils@7.27.1", "", {}, "sha512-1gn1Up5YXka3YYAHGKpbideQ5Yjf1tDa9qYcgysz+cNCXukyLl6DjPXhD3VRwSb8c0J9tA4b2+rHEZtc6R0tlw=="],

    "@babel/helper-replace-supers": ["@babel/helper-replace-supers@7.27.1", "", { "dependencies": { "@babel/helper-member-expression-to-functions": "^7.27.1", "@babel/helper-optimise-call-expression": "^7.27.1", "@babel/traverse": "^7.27.1" }, "peerDependencies": { "@babel/core": "^7.0.0" } }, "sha512-7EHz6qDZc8RYS5ElPoShMheWvEgERonFCs7IAonWLLUTXW59DP14bCZt89/GKyreYn8g3S83m21FelHKbeDCKA=="],

    "@babel/helper-skip-transparent-expression-wrappers": ["@babel/helper-skip-transparent-expression-wrappers@7.27.1", "", { "dependencies": { "@babel/traverse": "^7.27.1", "@babel/types": "^7.27.1" } }, "sha512-Tub4ZKEXqbPjXgWLl2+3JpQAYBJ8+ikpQ2Ocj/q/r0LwE3UhENh7EUabyHjz2kCEsrRY83ew2DQdHluuiDQFzg=="],

    "@babel/helper-string-parser": ["@babel/helper-string-parser@7.27.1", "", {}, "sha512-qMlSxKbpRlAridDExk92nSobyDdpPijUq2DW6oDnUqd0iOGxmQjyqhMIihI9+zv4LPyZdRje2cavWPbCbWm3eA=="],

    "@babel/helper-validator-identifier": ["@babel/helper-validator-identifier@7.28.5", "", {}, "sha512-qSs4ifwzKJSV39ucNjsvc6WVHs6b7S03sOh2OcHF9UHfVPqWWALUsNUVzhSBiItjRZoLHx7nIarVjqKVusUZ1Q=="],

    "@babel/helper-validator-option": ["@babel/helper-validator-option@7.27.1", "", {}, "sha512-YvjJow9FxbhFFKDSuFnVCe2WxXk1zWc22fFePVNEaWJEu8IrZVlda6N0uHwzZrUM1il7NC9Mlp4MaJYbYd9JSg=="],

    "@babel/helpers": ["@babel/helpers@7.28.4", "", { "dependencies": { "@babel/template": "^7.27.2", "@babel/types": "^7.28.4" } }, "sha512-HFN59MmQXGHVyYadKLVumYsA9dBFun/ldYxipEjzA4196jpLZd8UjEEBLkbEkvfYreDqJhZxYAWFPtrfhNpj4w=="],

    "@babel/parser": ["@babel/parser@7.28.5", "", { "dependencies": { "@babel/types": "^7.28.5" }, "bin": "./bin/babel-parser.js" }, "sha512-KKBU1VGYR7ORr3At5HAtUQ+TV3SzRCXmA/8OdDZiLDBIZxVyzXuztPjfLd3BV1PRAQGCMWWSHYhL0F8d5uHBDQ=="],

    "@babel/plugin-proposal-decorators": ["@babel/plugin-proposal-decorators@7.28.0", "", { "dependencies": { "@babel/helper-create-class-features-plugin": "^7.27.1", "@babel/helper-plugin-utils": "^7.27.1", "@babel/plugin-syntax-decorators": "^7.27.1" }, "peerDependencies": { "@babel/core": "^7.0.0-0" } }, "sha512-zOiZqvANjWDUaUS9xMxbMcK/Zccztbe/6ikvUXaG9nsPH3w6qh5UaPGAnirI/WhIbZ8m3OHU0ReyPrknG+ZKeg=="],

    "@babel/plugin-syntax-decorators": ["@babel/plugin-syntax-decorators@7.27.1", "", { "dependencies": { "@babel/helper-plugin-utils": "^7.27.1" }, "peerDependencies": { "@babel/core": "^7.0.0-0" } }, "sha512-YMq8Z87Lhl8EGkmb0MwYkt36QnxC+fzCgrl66ereamPlYToRpIk5nUjKUY3QKLWq8mwUB1BgbeXcTJhZOCDg5A=="],

    "@babel/plugin-syntax-jsx": ["@babel/plugin-syntax-jsx@7.27.1", "", { "dependencies": { "@babel/helper-plugin-utils": "^7.27.1" }, "peerDependencies": { "@babel/core": "^7.0.0-0" } }, "sha512-y8YTNIeKoyhGd9O0Jiyzyyqk8gdjnumGTQPsz0xOZOQ2RmkVJeZ1vmmfIvFEKqucBG6axJGBZDE/7iI5suUI/w=="],

    "@babel/plugin-syntax-typescript": ["@babel/plugin-syntax-typescript@7.27.1", "", { "dependencies": { "@babel/helper-plugin-utils": "^7.27.1" }, "peerDependencies": { "@babel/core": "^7.0.0-0" } }, "sha512-xfYCBMxveHrRMnAWl1ZlPXOZjzkN82THFvLhQhFXFt81Z5HnN+EtUkZhv/zcKpmT3fzmWZB0ywiBrbC3vogbwQ=="],

    "@babel/plugin-transform-class-properties": ["@babel/plugin-transform-class-properties@7.27.1", "", { "dependencies": { "@babel/helper-create-class-features-plugin": "^7.27.1", "@babel/helper-plugin-utils": "^7.27.1" }, "peerDependencies": { "@babel/core": "^7.0.0-0" } }, "sha512-D0VcalChDMtuRvJIu3U/fwWjf8ZMykz5iZsg77Nuj821vCKI3zCyRLwRdWbsuJ/uRwZhZ002QtCqIkwC/ZkvbA=="],

    "@babel/plugin-transform-modules-commonjs": ["@babel/plugin-transform-modules-commonjs@7.27.1", "", { "dependencies": { "@babel/helper-module-transforms": "^7.27.1", "@babel/helper-plugin-utils": "^7.27.1" }, "peerDependencies": { "@babel/core": "^7.0.0-0" } }, "sha512-OJguuwlTYlN0gBZFRPqwOGNWssZjfIUdS7HMYtN8c1KmwpwHFBwTeFZrg9XZa+DFTitWOW5iTAG7tyCUPsCCyw=="],

    "@babel/plugin-transform-typescript": ["@babel/plugin-transform-typescript@7.28.5", "", { "dependencies": { "@babel/helper-annotate-as-pure": "^7.27.3", "@babel/helper-create-class-features-plugin": "^7.28.5", "@babel/helper-plugin-utils": "^7.27.1", "@babel/helper-skip-transparent-expression-wrappers": "^7.27.1", "@babel/plugin-syntax-typescript": "^7.27.1" }, "peerDependencies": { "@babel/core": "^7.0.0-0" } }, "sha512-x2Qa+v/CuEoX7Dr31iAfr0IhInrVOWZU/2vJMJ00FOR/2nM0BcBEclpaf9sWCDc+v5e9dMrhSH8/atq/kX7+bA=="],

    "@babel/preset-typescript": ["@babel/preset-typescript@7.28.5", "", { "dependencies": { "@babel/helper-plugin-utils": "^7.27.1", "@babel/helper-validator-option": "^7.27.1", "@babel/plugin-syntax-jsx": "^7.27.1", "@babel/plugin-transform-modules-commonjs": "^7.27.1", "@babel/plugin-transform-typescript": "^7.28.5" }, "peerDependencies": { "@babel/core": "^7.0.0-0" } }, "sha512-+bQy5WOI2V6LJZpPVxY+yp66XdZ2yifu0Mc1aP5CQKgjn4QM5IN2i5fAZ4xKop47pr8rpVhiAeu+nDQa12C8+g=="],

    "@babel/template": ["@babel/template@7.27.2", "", { "dependencies": { "@babel/code-frame": "^7.27.1", "@babel/parser": "^7.27.2", "@babel/types": "^7.27.1" } }, "sha512-LPDZ85aEJyYSd18/DkjNh4/y1ntkE5KwUHWTiqgRxruuZL2F1yuHligVHLvcHY2vMHXttKFpJn6LwfI7cw7ODw=="],

    "@babel/traverse": ["@babel/traverse@7.28.5", "", { "dependencies": { "@babel/code-frame": "^7.27.1", "@babel/generator": "^7.28.5", "@babel/helper-globals": "^7.28.0", "@babel/parser": "^7.28.5", "@babel/template": "^7.27.2", "@babel/types": "^7.28.5", "debug": "^4.3.1" } }, "sha512-TCCj4t55U90khlYkVV/0TfkJkAkUg3jZFA3Neb7unZT8CPok7iiRfaX0F+WnqWqt7OxhOn0uBKXCw4lbL8W0aQ=="],

    "@babel/types": ["@babel/types@7.28.5", "", { "dependencies": { "@babel/helper-string-parser": "^7.27.1", "@babel/helper-validator-identifier": "^7.28.5" } }, "sha512-qQ5m48eI/MFLQ5PxQj4PFaprjyCTLI37ElWMmNs0K8Lk3dVeOdNpB3ks8jc7yM5CDmVC73eMVk/trk3fgmrUpA=="],

    "@biomejs/biome": ["@biomejs/biome@2.3.2", "", { "optionalDependencies": { "@biomejs/cli-darwin-arm64": "2.3.2", "@biomejs/cli-darwin-x64": "2.3.2", "@biomejs/cli-linux-arm64": "2.3.2", "@biomejs/cli-linux-arm64-musl": "2.3.2", "@biomejs/cli-linux-x64": "2.3.2", "@biomejs/cli-linux-x64-musl": "2.3.2", "@biomejs/cli-win32-arm64": "2.3.2", "@biomejs/cli-win32-x64": "2.3.2" }, "bin": { "biome": "bin/biome" } }, "sha512-8e9tzamuDycx7fdrcJ/F/GDZ8SYukc5ud6tDicjjFqURKYFSWMl0H0iXNXZEGmcmNUmABgGuHThPykcM41INgg=="],

    "@biomejs/cli-darwin-arm64": ["@biomejs/cli-darwin-arm64@2.3.2", "", { "os": "darwin", "cpu": "arm64" }, "sha512-4LECm4kc3If0JISai4c3KWQzukoUdpxy4fRzlrPcrdMSRFksR9ZoXK7JBcPuLBmd2SoT4/d7CQS33VnZpgBjew=="],

    "@biomejs/cli-darwin-x64": ["@biomejs/cli-darwin-x64@2.3.2", "", { "os": "darwin", "cpu": "x64" }, "sha512-jNMnfwHT4N3wi+ypRfMTjLGnDmKYGzxVr1EYAPBcauRcDnICFXN81wD6wxJcSUrLynoyyYCdfW6vJHS/IAoTDA=="],

    "@biomejs/cli-linux-arm64": ["@biomejs/cli-linux-arm64@2.3.2", "", { "os": "linux", "cpu": "arm64" }, "sha512-amnqvk+gWybbQleRRq8TMe0rIv7GHss8mFJEaGuEZYWg1Tw14YKOkeo8h6pf1c+d3qR+JU4iT9KXnBKGON4klw=="],

    "@biomejs/cli-linux-arm64-musl": ["@biomejs/cli-linux-arm64-musl@2.3.2", "", { "os": "linux", "cpu": "arm64" }, "sha512-2Zz4usDG1GTTPQnliIeNx6eVGGP2ry5vE/v39nT73a3cKN6t5H5XxjcEoZZh62uVZvED7hXXikclvI64vZkYqw=="],

    "@biomejs/cli-linux-x64": ["@biomejs/cli-linux-x64@2.3.2", "", { "os": "linux", "cpu": "x64" }, "sha512-8BG/vRAhFz1pmuyd24FQPhNeueLqPtwvZk6yblABY2gzL2H8fLQAF/Z2OPIc+BPIVPld+8cSiKY/KFh6k81xfA=="],

    "@biomejs/cli-linux-x64-musl": ["@biomejs/cli-linux-x64-musl@2.3.2", "", { "os": "linux", "cpu": "x64" }, "sha512-gzB19MpRdTuOuLtPpFBGrV3Lq424gHyq2lFj8wfX9tvLMLdmA/R9C7k/mqBp/spcbWuHeIEKgEs3RviOPcWGBA=="],

    "@biomejs/cli-win32-arm64": ["@biomejs/cli-win32-arm64@2.3.2", "", { "os": "win32", "cpu": "arm64" }, "sha512-lCruqQlfWjhMlOdyf5pDHOxoNm4WoyY2vZ4YN33/nuZBRstVDuqPPjS0yBkbUlLEte11FbpW+wWSlfnZfSIZvg=="],

    "@biomejs/cli-win32-x64": ["@biomejs/cli-win32-x64@2.3.2", "", { "os": "win32", "cpu": "x64" }, "sha512-6Ee9P26DTb4D8sN9nXxgbi9Dw5vSOfH98M7UlmkjKB2vtUbrRqCbZiNfryGiwnPIpd6YUoTl7rLVD2/x1CyEHQ=="],

    "@emnapi/core": ["@emnapi/core@1.7.0", "", { "dependencies": { "@emnapi/wasi-threads": "1.1.0", "tslib": "^2.4.0" } }, "sha512-pJdKGq/1iquWYtv1RRSljZklxHCOCAJFJrImO5ZLKPJVJlVUcs8yFwNQlqS0Lo8xT1VAXXTCZocF9n26FWEKsw=="],

    "@emnapi/runtime": ["@emnapi/runtime@1.7.0", "", { "dependencies": { "tslib": "^2.4.0" } }, "sha512-oAYoQnCYaQZKVS53Fq23ceWMRxq5EhQsE0x0RdQ55jT7wagMu5k+fS39v1fiSLrtrLQlXwVINenqhLMtTrV/1Q=="],

    "@emnapi/wasi-threads": ["@emnapi/wasi-threads@1.1.0", "", { "dependencies": { "tslib": "^2.4.0" } }, "sha512-WI0DdZ8xFSbgMjR1sFsKABJ/C5OnRrjT06JXbZKexJGrDuPTzZdDYfFlsgcCXCyf+suG5QU2e/y1Wo2V/OapLQ=="],

    "@jridgewell/gen-mapping": ["@jridgewell/gen-mapping@0.3.13", "", { "dependencies": { "@jridgewell/sourcemap-codec": "^1.5.0", "@jridgewell/trace-mapping": "^0.3.24" } }, "sha512-2kkt/7niJ6MgEPxF0bYdQ6etZaA+fQvDcLKckhy1yIQOzaoKjBBjSj63/aLVjYE3qhRt5dvM+uUyfCg6UKCBbA=="],

    "@jridgewell/remapping": ["@jridgewell/remapping@2.3.5", "", { "dependencies": { "@jridgewell/gen-mapping": "^0.3.5", "@jridgewell/trace-mapping": "^0.3.24" } }, "sha512-LI9u/+laYG4Ds1TDKSJW2YPrIlcVYOwi2fUC6xB43lueCjgxV4lffOCZCtYFiH6TNOX+tQKXx97T4IKHbhyHEQ=="],

    "@jridgewell/resolve-uri": ["@jridgewell/resolve-uri@3.1.2", "", {}, "sha512-bRISgCIjP20/tbWSPWMEi54QVPRZExkuD9lJL+UIxUKtwVJA8wW1Trb1jMs1RFXo1CBTNZ/5hpC9QvmKWdopKw=="],

    "@jridgewell/sourcemap-codec": ["@jridgewell/sourcemap-codec@1.5.5", "", {}, "sha512-cYQ9310grqxueWbl+WuIUIaiUaDcj7WOq5fVhEljNVgRfOUhY9fy2zTvfoqWsnebh8Sl70VScFbICvJnLKB0Og=="],

    "@jridgewell/trace-mapping": ["@jridgewell/trace-mapping@0.3.31", "", { "dependencies": { "@jridgewell/resolve-uri": "^3.1.0", "@jridgewell/sourcemap-codec": "^1.4.14" } }, "sha512-zzNR+SdQSDJzc8joaeP8QQoCQr8NuYx2dIIytl1QeBEZHJ9uW6hebsrYgbz8hJwUQao3TWCMtmfV8Nu1twOLAw=="],

    "@module-federation/error-codes": ["@module-federation/error-codes@0.21.2", "", {}, "sha512-mGbPAAApgjmQUl4J7WAt20aV04a26TyS21GDEpOGXFEQG5FqmZnSJ6FqB8K19HgTKioBT1+fF/Ctl5bGGao/EA=="],

    "@module-federation/runtime": ["@module-federation/runtime@0.21.2", "", { "dependencies": { "@module-federation/error-codes": "0.21.2", "@module-federation/runtime-core": "0.21.2", "@module-federation/sdk": "0.21.2" } }, "sha512-97jlOx4RAnAHMBTfgU5FBK6+V/pfT6GNX0YjSf8G+uJ3lFy74Y6kg/BevEkChTGw5waCLAkw/pw4LmntYcNN7g=="],

    "@module-federation/runtime-core": ["@module-federation/runtime-core@0.21.2", "", { "dependencies": { "@module-federation/error-codes": "0.21.2", "@module-federation/sdk": "0.21.2" } }, "sha512-LtDnccPxjR8Xqa3daRYr1cH/6vUzK3mQSzgvnfsUm1fXte5syX4ftWw3Eu55VdqNY3yREFRn77AXdu9PfPEZRw=="],

    "@module-federation/runtime-tools": ["@module-federation/runtime-tools@0.21.2", "", { "dependencies": { "@module-federation/runtime": "0.21.2", "@module-federation/webpack-bundler-runtime": "0.21.2" } }, "sha512-SgG9NWTYGNYcHSd5MepO3AXf6DNXriIo4sKKM4mu4RqfYhHyP+yNjnF/gvYJl52VD61g0nADmzLWzBqxOqk2tg=="],

    "@module-federation/sdk": ["@module-federation/sdk@0.21.2", "", {}, "sha512-t2vHSJ1a9zjg7LLJoEghcytNLzeFCqOat5TbXTav5dgU0xXw82Cf0EfLrxiJL6uUpgbtyvUdqqa2DVAvMPjiiA=="],

    "@module-federation/webpack-bundler-runtime": ["@module-federation/webpack-bundler-runtime@0.21.2", "", { "dependencies": { "@module-federation/runtime": "0.21.2", "@module-federation/sdk": "0.21.2" } }, "sha512-06R/NDY6Uh5RBIaBOFwYWzJCf1dIiQd/DFHToBVhejUT3ZFG7GzHEPIIsAGqMzne/JSmVsvjlXiJu7UthQ6rFA=="],

    "@napi-rs/wasm-runtime": ["@napi-rs/wasm-runtime@1.0.7", "", { "dependencies": { "@emnapi/core": "^1.5.0", "@emnapi/runtime": "^1.5.0", "@tybys/wasm-util": "^0.10.1" } }, "sha512-SeDnOO0Tk7Okiq6DbXmmBODgOAb9dp9gjlphokTUxmt8U3liIP1ZsozBahH69j/RJv+Rfs6IwUKHTgQYJ/HBAw=="],

    "@rsbuild/core": ["@rsbuild/core@1.6.3", "", { "dependencies": { "@rspack/core": "1.6.1", "@rspack/lite-tapable": "~1.0.1", "@swc/helpers": "^0.5.17", "core-js": "~3.46.0", "jiti": "^2.6.1" }, "bin": { "rsbuild": "bin/rsbuild.js" } }, "sha512-93/j5w+nyzfTjHfch2ram+Y6Og3NUcl46nsrKojD3scBR9nSjYHjJM27pQNi0Oq7Io7vQpTMvxwuSaG7AShfRw=="],

    "@rsbuild/plugin-babel": ["@rsbuild/plugin-babel@1.0.6", "", { "dependencies": { "@babel/core": "^7.28.0", "@babel/plugin-proposal-decorators": "^7.28.0", "@babel/plugin-transform-class-properties": "^7.27.1", "@babel/preset-typescript": "^7.27.1", "@types/babel__core": "^7.20.5", "deepmerge": "^4.3.1", "reduce-configs": "^1.1.0", "upath": "2.0.1" }, "peerDependencies": { "@rsbuild/core": "1.x" } }, "sha512-tWnqG938MedKJx7U4F1lHb156VDtNzj7mSsi2ZoxZVBnECQE01/V6QTN1XKw7nWunGyGoETb+nQBGc+fkVZjvw=="],

    "@rsbuild/plugin-solid": ["@rsbuild/plugin-solid@1.0.6", "", { "dependencies": { "@rsbuild/plugin-babel": "1.0.6", "babel-preset-solid": "^1.9.6", "solid-refresh": "0.6.3" }, "peerDependencies": { "@rsbuild/core": "1.x" } }, "sha512-4dCNiSBSYuJjzC7Bov/hCUzxAZcMiGMBZnKKgQXKuJRJwy23OqrxiiDa6AlmZozD5I/wEBwoUDasPbRqjkKFcA=="],

    "@rspack/binding": ["@rspack/binding@1.6.1", "", { "optionalDependencies": { "@rspack/binding-darwin-arm64": "1.6.1", "@rspack/binding-darwin-x64": "1.6.1", "@rspack/binding-linux-arm64-gnu": "1.6.1", "@rspack/binding-linux-arm64-musl": "1.6.1", "@rspack/binding-linux-x64-gnu": "1.6.1", "@rspack/binding-linux-x64-musl": "1.6.1", "@rspack/binding-wasm32-wasi": "1.6.1", "@rspack/binding-win32-arm64-msvc": "1.6.1", "@rspack/binding-win32-ia32-msvc": "1.6.1", "@rspack/binding-win32-x64-msvc": "1.6.1" } }, "sha512-6duvh3CbDA3c4HpNkzIOP9z1wn/mKY1Mrxj+AqgcNvsE0ppp1iKlMsJCDgl7SlUauus2AgtM1dIEU+0sRajmwQ=="],

    "@rspack/binding-darwin-arm64": ["@rspack/binding-darwin-arm64@1.6.1", "", { "os": "darwin", "cpu": "arm64" }, "sha512-am7gVsqicKY/FhDfNa/InHxrBd3wRt6rI7sFTaunKaPbPERjWSKr/sI47tB3t8uNYmLQFFhWFijomAhDyrlHMg=="],

    "@rspack/binding-darwin-x64": ["@rspack/binding-darwin-x64@1.6.1", "", { "os": "darwin", "cpu": "x64" }, "sha512-uadcJOal5YTg191+kvi47I0b+U0sRKe8vKFjMXYOrSIcbXGVRdBxROt/HMlKnvg0u/A83f6AABiY6MA2fCs/gw=="],

    "@rspack/binding-linux-arm64-gnu": ["@rspack/binding-linux-arm64-gnu@1.6.1", "", { "os": "linux", "cpu": "arm64" }, "sha512-n7UGSBzv7PiX+V1Q2bY3S1XWyN3RCykCQUgfhZ+xWietCM/1349jgN7DoXKPllqlof1GPGBjziHU0sQZTC4tag=="],

    "@rspack/binding-linux-arm64-musl": ["@rspack/binding-linux-arm64-musl@1.6.1", "", { "os": "linux", "cpu": "arm64" }, "sha512-P7nx0jsKxx7g3QAnH9UnJDGVgs1M2H7ZQl68SRyrs42TKOd9Md22ynoMIgCK1zoy+skssU6MhWptluSggXqSrA=="],

    "@rspack/binding-linux-x64-gnu": ["@rspack/binding-linux-x64-gnu@1.6.1", "", { "os": "linux", "cpu": "x64" }, "sha512-SdiurC1bV/QHnj7rmrBYJLdsat3uUDWl9KjkVjEbtc8kQV0Ri4/vZRH0nswgzx7hZNY2j0jYuCm5O8+3qeJEMg=="],

    "@rspack/binding-linux-x64-musl": ["@rspack/binding-linux-x64-musl@1.6.1", "", { "os": "linux", "cpu": "x64" }, "sha512-JoSJu29nV+auOePhe8x2Fzqxiga1YGNcOMWKJ5Uj8rHBZ8FPAiiE+CpLG8TwfpHsivojrY/sy6fE8JldYLV5TQ=="],

    "@rspack/binding-wasm32-wasi": ["@rspack/binding-wasm32-wasi@1.6.1", "", { "dependencies": { "@napi-rs/wasm-runtime": "1.0.7" }, "cpu": "none" }, "sha512-u5NiSHxM7LtIo4cebq/hQPJ9o39u127am3eVJHDzdmBVhTYYO5l7XVUnFmcU8hNHuj/4lJzkFviWFbf3SaRSYA=="],

    "@rspack/binding-win32-arm64-msvc": ["@rspack/binding-win32-arm64-msvc@1.6.1", "", { "os": "win32", "cpu": "arm64" }, "sha512-u2Lm4iyUstX/H4JavHnFLIlXQwMka6WVvG2XH8uRd6ziNTh0k/u9jlFADzhdZMvxj63L2hNXCs7TrMZTx2VObQ=="],

    "@rspack/binding-win32-ia32-msvc": ["@rspack/binding-win32-ia32-msvc@1.6.1", "", { "os": "win32", "cpu": "ia32" }, "sha512-/rMU4pjnQeYnkrXmlqeEPiUNT1wHfJ8GR5v2zqcHXBQkAtic3ZsLwjHpucJjrfRsN5CcVChxJl/T7ozlITfcYw=="],

    "@rspack/binding-win32-x64-msvc": ["@rspack/binding-win32-x64-msvc@1.6.1", "", { "os": "win32", "cpu": "x64" }, "sha512-8qsdb5COuZF5Trimo3HHz3N0KuRtrPtRCMK/wi7DOT1nR6CpUeUMPTjvtPl/O/QezQje+cpBFTa5BaQ1WKlHhw=="],

    "@rspack/core": ["@rspack/core@1.6.1", "", { "dependencies": { "@module-federation/runtime-tools": "0.21.2", "@rspack/binding": "1.6.1", "@rspack/lite-tapable": "1.0.1" }, "peerDependencies": { "@swc/helpers": ">=0.5.1" }, "optionalPeers": ["@swc/helpers"] }, "sha512-hZVrmiZoBTchWUdh/XbeJ5z+GqHW5aPYeufBigmtUeyzul8uJtHlWKmQhpG+lplMf6o1RESTjjxl632TP/Cfhg=="],

    "@rspack/lite-tapable": ["@rspack/lite-tapable@1.0.1", "", {}, "sha512-VynGOEsVw2s8TAlLf/uESfrgfrq2+rcXB1muPJYBWbsm1Oa6r5qVQhjA5ggM6z/coYPrsVMgovl3Ff7Q7OCp1w=="],

    "@swc/helpers": ["@swc/helpers@0.5.17", "", { "dependencies": { "tslib": "^2.8.0" } }, "sha512-5IKx/Y13RsYd+sauPb2x+U/xZikHjolzfuDgTAl/Tdf3Q8rslRvC19NKDLgAJQ6wsqADk10ntlv08nPFw/gO/A=="],

    "@tybys/wasm-util": ["@tybys/wasm-util@0.10.1", "", { "dependencies": { "tslib": "^2.4.0" } }, "sha512-9tTaPJLSiejZKx+Bmog4uSubteqTvFrVrURwkmHixBo0G4seD0zUxp98E1DzUBJxLQ3NPwXrGKDiVjwx/DpPsg=="],

    "@types/babel__core": ["@types/babel__core@7.20.5", "", { "dependencies": { "@babel/parser": "^7.20.7", "@babel/types": "^7.20.7", "@types/babel__generator": "*", "@types/babel__template": "*", "@types/babel__traverse": "*" } }, "sha512-qoQprZvz5wQFJwMDqeseRXWv3rqMvhgpbXFfVyWhbx9X47POIA6i/+dXefEmZKoAgOaTdaIgNSMqMIU61yRyzA=="],

    "@types/babel__generator": ["@types/babel__generator@7.27.0", "", { "dependencies": { "@babel/types": "^7.0.0" } }, "sha512-ufFd2Xi92OAVPYsy+P4n7/U7e68fex0+Ee8gSG9KX7eo084CWiQ4sdxktvdl0bOPupXtVJPY19zk6EwWqUQ8lg=="],

    "@types/babel__template": ["@types/babel__template@7.4.4", "", { "dependencies": { "@babel/parser": "^7.1.0", "@babel/types": "^7.0.0" } }, "sha512-h/NUaSyG5EyxBIp8YRxo4RMe2/qQgvyowRwVMzhYhBCONbW8PUsg4lkFMrhgZhUe5z3L3MiLDuvyJ/CaPa2A8A=="],

    "@types/babel__traverse": ["@types/babel__traverse@7.28.0", "", { "dependencies": { "@babel/types": "^7.28.2" } }, "sha512-8PvcXf70gTDZBgt9ptxJ8elBeBjcLOAcOtoO/mPJjtji1+CdGbHgm77om1GrsPxsiE+uXIpNSK64UYaIwQXd4Q=="],

    "babel-plugin-jsx-dom-expressions": ["babel-plugin-jsx-dom-expressions@0.40.3", "", { "dependencies": { "@babel/helper-module-imports": "7.18.6", "@babel/plugin-syntax-jsx": "^7.18.6", "@babel/types": "^7.20.7", "html-entities": "2.3.3", "parse5": "^7.1.2" }, "peerDependencies": { "@babel/core": "^7.20.12" } }, "sha512-5HOwwt0BYiv/zxl7j8Pf2bGL6rDXfV6nUhLs8ygBX+EFJXzBPHM/euj9j/6deMZ6wa52Wb2PBaAV5U/jKwIY1w=="],

    "babel-preset-solid": ["babel-preset-solid@1.9.10", "", { "dependencies": { "babel-plugin-jsx-dom-expressions": "^0.40.3" }, "peerDependencies": { "@babel/core": "^7.0.0", "solid-js": "^1.9.10" }, "optionalPeers": ["solid-js"] }, "sha512-HCelrgua/Y+kqO8RyL04JBWS/cVdrtUv/h45GntgQY+cJl4eBcKkCDV3TdMjtKx1nXwRaR9QXslM/Npm1dxdZQ=="],

    "baseline-browser-mapping": ["baseline-browser-mapping@2.8.25", "", { "bin": { "baseline-browser-mapping": "dist/cli.js" } }, "sha512-2NovHVesVF5TXefsGX1yzx1xgr7+m9JQenvz6FQY3qd+YXkKkYiv+vTCc7OriP9mcDZpTC5mAOYN4ocd29+erA=="],

    "browserslist": ["browserslist@4.27.0", "", { "dependencies": { "baseline-browser-mapping": "^2.8.19", "caniuse-lite": "^1.0.30001751", "electron-to-chromium": "^1.5.238", "node-releases": "^2.0.26", "update-browserslist-db": "^1.1.4" }, "bin": { "browserslist": "cli.js" } }, "sha512-AXVQwdhot1eqLihwasPElhX2tAZiBjWdJ9i/Zcj2S6QYIjkx62OKSfnobkriB81C3l4w0rVy3Nt4jaTBltYEpw=="],

    "caniuse-lite": ["caniuse-lite@1.0.30001754", "", {}, "sha512-x6OeBXueoAceOmotzx3PO4Zpt4rzpeIFsSr6AAePTZxSkXiYDUmpypEl7e2+8NCd9bD7bXjqyef8CJYPC1jfxg=="],

    "convert-source-map": ["convert-source-map@2.0.0", "", {}, "sha512-Kvp459HrV2FEJ1CAsi1Ku+MY3kasH19TFykTz2xWmMeq6bk2NU3XXvfJ+Q61m0xktWwt+1HSYf3JZsTms3aRJg=="],

    "core-js": ["core-js@3.46.0", "", {}, "sha512-vDMm9B0xnqqZ8uSBpZ8sNtRtOdmfShrvT6h2TuQGLs0Is+cR0DYbj/KWP6ALVNbWPpqA/qPLoOuppJN07humpA=="],

    "csstype": ["csstype@3.1.3", "", {}, "sha512-M1uQkMl8rQK/szD0LNhtqxIPLpimGm8sOBwU7lLnCpSbTyY3yeU1Vc7l4KT5zT4s/yOxHH5O7tIuuLOCnLADRw=="],

    "debug": ["debug@4.4.3", "", { "dependencies": { "ms": "^2.1.3" } }, "sha512-RGwwWnwQvkVfavKVt22FGLw+xYSdzARwm0ru6DhTVA3umU5hZc28V3kO4stgYryrTlLpuvgI9GiijltAjNbcqA=="],

    "deepmerge": ["deepmerge@4.3.1", "", {}, "sha512-3sUqbMEc77XqpdNO7FRyRog+eW3ph+GYCbj+rK+uYyRMuwsVy0rMiVtPn+QJlKFvWP/1PYpapqYn0Me2knFn+A=="],

    "electron-to-chromium": ["electron-to-chromium@1.5.249", "", {}, "sha512-5vcfL3BBe++qZ5kuFhD/p8WOM1N9m3nwvJPULJx+4xf2usSlZFJ0qoNYO2fOX4hi3ocuDcmDobtA+5SFr4OmBg=="],

    "entities": ["entities@6.0.1", "", {}, "sha512-aN97NXWF6AWBTahfVOIrB/NShkzi5H7F9r1s9mD3cDj4Ko5f2qhhVoYMibXF7GlLveb/D2ioWay8lxI97Ven3g=="],

    "escalade": ["escalade@3.2.0", "", {}, "sha512-WUj2qlxaQtO4g6Pq5c29GTcWGDyd8itL8zTlipgECz3JesAiiOKotd8JU6otB3PACgG6xkJUyVhboMS+bje/jA=="],

    "gensync": ["gensync@1.0.0-beta.2", "", {}, "sha512-3hN7NaskYvMDLQY55gnW3NQ+mesEAepTqlg+VEbj7zzqEMBVNhzcGYYeqFo/TlYz6eQiFcp1HcsCZO+nGgS8zg=="],

    "html-entities": ["html-entities@2.3.3", "", {}, "sha512-DV5Ln36z34NNTDgnz0EWGBLZENelNAtkiFA4kyNOG2tDI6Mz1uSWiq1wAKdyjnJwyDiDO7Fa2SO1CTxPXL8VxA=="],

    "jiti": ["jiti@2.6.1", "", { "bin": { "jiti": "lib/jiti-cli.mjs" } }, "sha512-ekilCSN1jwRvIbgeg/57YFh8qQDNbwDb9xT/qu2DAHbFFZUicIl4ygVaAvzveMhMVr3LnpSKTNnwt8PoOfmKhQ=="],

    "js-tokens": ["js-tokens@4.0.0", "", {}, "sha512-RdJUflcE3cUzKiMqQgsCu06FPu9UdIJO0beYbPhHN4k6apgJtifcoCtT9bcxOpYBtpD2kCM6Sbzg4CausW/PKQ=="],

    "jsesc": ["jsesc@3.1.0", "", { "bin": { "jsesc": "bin/jsesc" } }, "sha512-/sM3dO2FOzXjKQhJuo0Q173wf2KOo8t4I8vHy6lF9poUp7bKT0/NHE8fPX23PwfhnykfqnC2xRxOnVw5XuGIaA=="],

    "json5": ["json5@2.2.3", "", { "bin": { "json5": "lib/cli.js" } }, "sha512-XmOWe7eyHYH14cLdVPoyg+GOH3rYX++KpzrylJwSW98t3Nk+U8XOl8FWKOgwtzdb8lXGf6zYwDUzeHMWfxasyg=="],

    "lru-cache": ["lru-cache@5.1.1", "", { "dependencies": { "yallist": "^3.0.2" } }, "sha512-KpNARQA3Iwv+jTA0utUVVbrh+Jlrr1Fv0e56GGzAFOXN7dk/FviaDW8LHmK52DlcH4WP2n6gI8vN1aesBFgo9w=="],

    "ms": ["ms@2.1.3", "", {}, "sha512-6FlzubTLZG3J2a/NVCAleEhjzq5oxgHyaCU9yYXvcLsvoVaHJq/s5xXI6/XXP6tz7R9xAOtHnSO/tXtF3WRTlA=="],

    "node-releases": ["node-releases@2.0.27", "", {}, "sha512-nmh3lCkYZ3grZvqcCH+fjmQ7X+H0OeZgP40OierEaAptX4XofMh5kwNbWh7lBduUzCcV/8kZ+NDLCwm2iorIlA=="],

    "parse5": ["parse5@7.3.0", "", { "dependencies": { "entities": "^6.0.0" } }, "sha512-IInvU7fabl34qmi9gY8XOVxhYyMyuH2xUNpb2q8/Y+7552KlejkRvqvD19nMoUW/uQGGbqNpA6Tufu5FL5BZgw=="],

    "picocolors": ["picocolors@1.1.1", "", {}, "sha512-xceH2snhtb5M9liqDsmEw56le376mTZkEX/jEb/RxNFyegNul7eNslCXP9FDj/Lcu0X8KEyMceP2ntpaHrDEVA=="],

    "reduce-configs": ["reduce-configs@1.1.1", "", {}, "sha512-EYtsVGAQarE8daT54cnaY1PIknF2VB78ug6Zre2rs36EsJfC40EG6hmTU2A2P1ZuXnKAt2KI0fzOGHcX7wzdPw=="],

    "semver": ["semver@6.3.1", "", { "bin": { "semver": "bin/semver.js" } }, "sha512-BR7VvDCVHO+q2xBEWskxS6DJE1qRnb7DxzUrogb71CWoSficBxYsiAGd+Kl0mmq/MprG9yArRkyrQxTO6XjMzA=="],

    "seroval": ["seroval@1.3.2", "", {}, "sha512-RbcPH1n5cfwKrru7v7+zrZvjLurgHhGyso3HTyGtRivGWgYjbOmGuivCQaORNELjNONoK35nj28EoWul9sb1zQ=="],

    "seroval-plugins": ["seroval-plugins@1.3.3", "", { "peerDependencies": { "seroval": "^1.0" } }, "sha512-16OL3NnUBw8JG1jBLUoZJsLnQq0n5Ua6aHalhJK4fMQkz1lqR7Osz1sA30trBtd9VUDc2NgkuRCn8+/pBwqZ+w=="],

    "solid-js": ["solid-js@1.9.10", "", { "dependencies": { "csstype": "^3.1.0", "seroval": "~1.3.0", "seroval-plugins": "~1.3.0" } }, "sha512-Coz956cos/EPDlhs6+jsdTxKuJDPT7B5SVIWgABwROyxjY7Xbr8wkzD68Et+NxnV7DLJ3nJdAC2r9InuV/4Jew=="],

    "solid-refresh": ["solid-refresh@0.6.3", "", { "dependencies": { "@babel/generator": "^7.23.6", "@babel/helper-module-imports": "^7.22.15", "@babel/types": "^7.23.6" }, "peerDependencies": { "solid-js": "^1.3" } }, "sha512-F3aPsX6hVw9ttm5LYlth8Q15x6MlI/J3Dn+o3EQyRTtTxidepSTwAYdozt01/YA+7ObcciagGEyXIopGZzQtbA=="],

    "tslib": ["tslib@2.8.1", "", {}, "sha512-oJFu94HQb+KVduSUQL7wnpmqnfmLsOA/nAh6b6EH0wCEoK0/mPeXU6c3wKDV83MkOuHPRHtSXKKU99IBazS/2w=="],

    "typescript": ["typescript@5.9.3", "", { "bin": { "tsc": "bin/tsc", "tsserver": "bin/tsserver" } }, "sha512-jl1vZzPDinLr9eUt3J/t7V6FgNEw9QjvBPdysz9KfQDD41fQrC2Y4vKQdiaUpFT4bXlb1RHhLpp8wtm6M5TgSw=="],

    "upath": ["upath@2.0.1", "", {}, "sha512-1uEe95xksV1O0CYKXo8vQvN1JEbtJp7lb7C5U9HMsIp6IVwntkH/oNUzyVNQSd4S1sYk2FpSSW44FqMc8qee5w=="],

    "update-browserslist-db": ["update-browserslist-db@1.1.4", "", { "dependencies": { "escalade": "^3.2.0", "picocolors": "^1.1.1" }, "peerDependencies": { "browserslist": ">= 4.21.0" }, "bin": { "update-browserslist-db": "cli.js" } }, "sha512-q0SPT4xyU84saUX+tomz1WLkxUbuaJnR1xWt17M7fJtEJigJeWUNGUqrauFXsHnqev9y9JTRGwk13tFBuKby4A=="],

    "yallist": ["yallist@3.1.1", "", {}, "sha512-a4UGQaWPH59mOXUYnAG2ewncQS4i4F43Tv3JoAM+s2VDAmS9NsK8GpDMLrCHPksFT7h3K6TOoUNn2pb7RoXx4g=="],

    "babel-plugin-jsx-dom-expressions/@babel/helper-module-imports": ["@babel/helper-module-imports@7.18.6", "", { "dependencies": { "@babel/types": "^7.18.6" } }, "sha512-0NFvs3VkuSYbFi1x2Vd6tKrywq+z/cLeYC/RJNFrIX/30Bf5aiGYbtvGXolEktzJH8o5E5KJ3tT+nkxuuZFVlA=="],
  }
}
